github.com/creachadair/mds v0.6.0 h1:axT3ZDT7PD4chMpwul4IoJiHEViq45BYi8qgC6qiuXA=
github.com/creachadair/mds v0.6.0/go.mod h1:4vrFYUzTXMJpMBU+OA292I6IUxKWCCfZkgXg+/kBZMo=
github.com/creachadair/taskgroup v0.6.2 h1:HXG/o+lXMzYiD5OVudc/yF8WK/XzGAQkCOm80FcQKZY=
github.com/creachadair/taskgroup v0.6.2/go.mod h1:2vCkZ5a+HVcvDl3llMpox2lTw0+MSzrkGsddxRAHXOo=
github.com/fortytw2/leaktest v1.3.0 h1:u8491cBMTQ8ft8aeV+adlcytMZylmA5nnwwkRZjI8vw=
github.com/fortytw2/leaktest v1.3.0/go.mod h1:jDsjWgpAGjm2CA7WthBh/CdZYEPF31XHquHwclZch5g=
github.com/google/go-cmp v0.6.0 h1:ofyhxvXcZhMsU5ulbFiLKl/XBFqE1GSq7atu8tAmTRI=
github.com/google/go-cmp v0.6.0/go.mod h1:17dUlkBOakJ0+DkrSSNjCkIjxS6bF9zb3elmeNGIjoY=
