github.com/creachadair/taskgroup v0.5.1 h1:O9UWnfoqX+K6jFwN5lYDN/h0prhc1zVhk8/SCmKmffc=
github.com/creachadair/taskgroup v0.5.1/go.mod h1:e1kO+tKiCfDiDiwHei/dXgz3i9kQ8b5inEUVsrGmFfw=
github.com/fortytw2/leaktest v1.3.0 h1:u8491cBMTQ8ft8aeV+adlcytMZylmA5nnwwkRZjI8vw=
github.com/fortytw2/leaktest v1.3.0/go.mod h1:jDsjWgpAGjm2CA7WthBh/CdZYEPF31XHquHwclZch5g=
github.com/google/go-cmp v0.5.9 h1:O2Tfq5qg4qc4AmwVlvv0oLiVAGB7enBSJ2x2DqQFi38=
github.com/google/go-cmp v0.5.9/go.mod h1:17dUlkBOakJ0+DkrSSNjCkIjxS6bF9zb3elmeNGIjoY=
